
Microsoft Visual Studio Solution File, Format Version 12.00
# Visual Studio Version 17
VisualStudioVersion = 17.14.36203.30 d17.14
MinimumVisualStudioVersion = 10.0.40219.1
Project("{FAE04EC0-301F-11D3-BF4B-00C04F79EFBC}") = "Atividade 01", "Atividade 01\Atividade 01.csproj", "{7F42D3AF-D16F-4CAE-A30D-81460C9DB084}"
EndProject
Global
	GlobalSection(SolutionConfigurationPlatforms) = preSolution
		Debug|Any CPU = Debug|Any CPU
		Release|Any CPU = Release|Any CPU
	EndGlobalSection
	GlobalSection(ProjectConfigurationPlatforms) = postSolution
		{7F42D3AF-D16F-4CAE-A30D-81460C9DB084}.Debug|Any CPU.ActiveCfg = Debug|Any CPU
		{7F42D3AF-D16F-4CAE-A30D-81460C9DB084}.Debug|Any CPU.Build.0 = Debug|Any CPU
		{7F42D3AF-D16F-4CAE-A30D-81460C9DB084}.Release|Any CPU.ActiveCfg = Release|Any CPU
		{7F42D3AF-D16F-4CAE-A30D-81460C9DB084}.Release|Any CPU.Build.0 = Release|Any CPU
	EndGlobalSection
	GlobalSection(SolutionProperties) = preSolution
		HideSolutionNode = FALSE
	EndGlobalSection
	GlobalSection(ExtensibilityGlobals) = postSolution
		SolutionGuid = {01A9D0ED-4404-4F36-8C19-01809A70B631}
	EndGlobalSection
EndGlobal
