
Microsoft Visual Studio Solution File, Format Version 12.00
# Visual Studio Version 17
VisualStudioVersion = 17.14.36203.30 d17.14
MinimumVisualStudioVersion = 10.0.40219.1
Project("{FAE04EC0-301F-11D3-BF4B-00C04F79EFBC}") = "Atividade 09", "Atividade 09\Atividade 09.csproj", "{06419992-1C9A-4762-979A-62F6D7070130}"
EndProject
Global
	GlobalSection(SolutionConfigurationPlatforms) = preSolution
		Debug|Any CPU = Debug|Any CPU
		Release|Any CPU = Release|Any CPU
	EndGlobalSection
	GlobalSection(ProjectConfigurationPlatforms) = postSolution
		{06419992-1C9A-4762-979A-62F6D7070130}.Debug|Any CPU.ActiveCfg = Debug|Any CPU
		{06419992-1C9A-4762-979A-62F6D7070130}.Debug|Any CPU.Build.0 = Debug|Any CPU
		{06419992-1C9A-4762-979A-62F6D7070130}.Release|Any CPU.ActiveCfg = Release|Any CPU
		{06419992-1C9A-4762-979A-62F6D7070130}.Release|Any CPU.Build.0 = Release|Any CPU
	EndGlobalSection
	GlobalSection(SolutionProperties) = preSolution
		HideSolutionNode = FALSE
	EndGlobalSection
	GlobalSection(ExtensibilityGlobals) = postSolution
		SolutionGuid = {E540E8CD-ADBF-48E5-95D6-E698E09D50D9}
	EndGlobalSection
EndGlobal
