
Microsoft Visual Studio Solution File, Format Version 12.00
# Visual Studio Version 17
VisualStudioVersion = 17.14.36203.30 d17.14
MinimumVisualStudioVersion = 10.0.40219.1
Project("{FAE04EC0-301F-11D3-BF4B-00C04F79EFBC}") = "Autoria", "Autoria\Autoria.csproj", "{0CC16D75-2EA8-4D0D-873C-F97DD778CB08}"
EndProject
Global
	GlobalSection(SolutionConfigurationPlatforms) = preSolution
		Debug|Any CPU = Debug|Any CPU
		Release|Any CPU = Release|Any CPU
	EndGlobalSection
	GlobalSection(ProjectConfigurationPlatforms) = postSolution
		{0CC16D75-2EA8-4D0D-873C-F97DD778CB08}.Debug|Any CPU.ActiveCfg = Debug|Any CPU
		{0CC16D75-2EA8-4D0D-873C-F97DD778CB08}.Debug|Any CPU.Build.0 = Debug|Any CPU
		{0CC16D75-2EA8-4D0D-873C-F97DD778CB08}.Release|Any CPU.ActiveCfg = Release|Any CPU
		{0CC16D75-2EA8-4D0D-873C-F97DD778CB08}.Release|Any CPU.Build.0 = Release|Any CPU
	EndGlobalSection
	GlobalSection(SolutionProperties) = preSolution
		HideSolutionNode = FALSE
	EndGlobalSection
	GlobalSection(ExtensibilityGlobals) = postSolution
		SolutionGuid = {0F788F90-282B-4F98-BB32-2EC607BD830B}
	EndGlobalSection
EndGlobal
