
Microsoft Visual Studio Solution File, Format Version 12.00
# Visual Studio Version 17
VisualStudioVersion = 17.14.36203.30 d17.14
MinimumVisualStudioVersion = 10.0.40219.1
Project("{FAE04EC0-301F-11D3-BF4B-00C04F79EFBC}") = "Matriz", "Matriz\Matriz.csproj", "{B44199C9-51F0-4C1A-8883-19F1A5E23664}"
EndProject
Global
	GlobalSection(SolutionConfigurationPlatforms) = preSolution
		Debug|Any CPU = Debug|Any CPU
		Release|Any CPU = Release|Any CPU
	EndGlobalSection
	GlobalSection(ProjectConfigurationPlatforms) = postSolution
		{B44199C9-51F0-4C1A-8883-19F1A5E23664}.Debug|Any CPU.ActiveCfg = Debug|Any CPU
		{B44199C9-51F0-4C1A-8883-19F1A5E23664}.Debug|Any CPU.Build.0 = Debug|Any CPU
		{B44199C9-51F0-4C1A-8883-19F1A5E23664}.Release|Any CPU.ActiveCfg = Release|Any CPU
		{B44199C9-51F0-4C1A-8883-19F1A5E23664}.Release|Any CPU.Build.0 = Release|Any CPU
	EndGlobalSection
	GlobalSection(SolutionProperties) = preSolution
		HideSolutionNode = FALSE
	EndGlobalSection
	GlobalSection(ExtensibilityGlobals) = postSolution
		SolutionGuid = {15687E13-2174-4B4A-AD04-7EFEB9ED1DCE}
	EndGlobalSection
EndGlobal
