
Microsoft Visual Studio Solution File, Format Version 12.00
# Visual Studio Version 17
VisualStudioVersion = 17.14.36203.30 d17.14
MinimumVisualStudioVersion = 10.0.40219.1
Project("{FAE04EC0-301F-11D3-BF4B-00C04F79EFBC}") = "Atividade 02", "Atividade 02\Atividade 02.csproj", "{9B2EC8DE-09E7-4885-B865-2070F6919B94}"
EndProject
Global
	GlobalSection(SolutionConfigurationPlatforms) = preSolution
		Debug|Any CPU = Debug|Any CPU
		Release|Any CPU = Release|Any CPU
	EndGlobalSection
	GlobalSection(ProjectConfigurationPlatforms) = postSolution
		{9B2EC8DE-09E7-4885-B865-2070F6919B94}.Debug|Any CPU.ActiveCfg = Debug|Any CPU
		{9B2EC8DE-09E7-4885-B865-2070F6919B94}.Debug|Any CPU.Build.0 = Debug|Any CPU
		{9B2EC8DE-09E7-4885-B865-2070F6919B94}.Release|Any CPU.ActiveCfg = Release|Any CPU
		{9B2EC8DE-09E7-4885-B865-2070F6919B94}.Release|Any CPU.Build.0 = Release|Any CPU
	EndGlobalSection
	GlobalSection(SolutionProperties) = preSolution
		HideSolutionNode = FALSE
	EndGlobalSection
	GlobalSection(ExtensibilityGlobals) = postSolution
		SolutionGuid = {682D451E-AA75-48FE-A413-6C0DF7C6C009}
	EndGlobalSection
EndGlobal
