
Microsoft Visual Studio Solution File, Format Version 12.00
# Visual Studio Version 17
VisualStudioVersion = 17.14.36203.30 d17.14
MinimumVisualStudioVersion = 10.0.40219.1
Project("{FAE04EC0-301F-11D3-BF4B-00C04F79EFBC}") = "Atividade 04", "Atividade 04\Atividade 04.csproj", "{91D8C3E1-5B28-4AEF-A0FB-411C353F545F}"
EndProject
Global
	GlobalSection(SolutionConfigurationPlatforms) = preSolution
		Debug|Any CPU = Debug|Any CPU
		Release|Any CPU = Release|Any CPU
	EndGlobalSection
	GlobalSection(ProjectConfigurationPlatforms) = postSolution
		{91D8C3E1-5B28-4AEF-A0FB-411C353F545F}.Debug|Any CPU.ActiveCfg = Debug|Any CPU
		{91D8C3E1-5B28-4AEF-A0FB-411C353F545F}.Debug|Any CPU.Build.0 = Debug|Any CPU
		{91D8C3E1-5B28-4AEF-A0FB-411C353F545F}.Release|Any CPU.ActiveCfg = Release|Any CPU
		{91D8C3E1-5B28-4AEF-A0FB-411C353F545F}.Release|Any CPU.Build.0 = Release|Any CPU
	EndGlobalSection
	GlobalSection(SolutionProperties) = preSolution
		HideSolutionNode = FALSE
	EndGlobalSection
	GlobalSection(ExtensibilityGlobals) = postSolution
		SolutionGuid = {EF067A3B-266D-4BC2-8620-97C6D42F232C}
	EndGlobalSection
EndGlobal
